
Microsoft Visual Studio Solution File, Format Version 12.00
# Visual Studio Version 16
VisualStudioVersion = 16.0.29728.190
MinimumVisualStudioVersion = 10.0.40219.1
Project("{FAE04EC0-301F-11D3-BF4B-00C04F79EFBC}") = "Zad2", "Zad2\Zad2.csproj", "{818FAD0D-3DF0-4C07-8EF0-1C8474085DB4}"
EndProject
Global
	GlobalSection(SolutionConfigurationPlatforms) = preSolution
		Debug|Any CPU = Debug|Any CPU
		Release|Any CPU = Release|Any CPU
	EndGlobalSection
	GlobalSection(ProjectConfigurationPlatforms) = postSolution
		{818FAD0D-3DF0-4C07-8EF0-1C8474085DB4}.Debug|Any CPU.ActiveCfg = Debug|Any CPU
		{818FAD0D-3DF0-4C07-8EF0-1C8474085DB4}.Debug|Any CPU.Build.0 = Debug|Any CPU
		{818FAD0D-3DF0-4C07-8EF0-1C8474085DB4}.Release|Any CPU.ActiveCfg = Release|Any CPU
		{818FAD0D-3DF0-4C07-8EF0-1C8474085DB4}.Release|Any CPU.Build.0 = Release|Any CPU
	EndGlobalSection
	GlobalSection(SolutionProperties) = preSolution
		HideSolutionNode = FALSE
	EndGlobalSection
	GlobalSection(ExtensibilityGlobals) = postSolution
		SolutionGuid = {4E7B7E9A-E04E-41FA-802D-7018751B9AED}
	EndGlobalSection
EndGlobal
